
Microsoft Visual Studio Solution File, Format Version 12.00
# Visual Studio Version 17
VisualStudioVersion = 17.0.31903.59
MinimumVisualStudioVersion = 10.0.40219.1
Project("{9A19103F-16F7-4668-BE54-9A1E7A4F7556}") = "Kantor.Api", "Kantor.Api\Kantor.Api.csproj", "{3FF8C43A-2EAB-4862-974B-81FB70DE960C}"
EndProject
Project("{9A19103F-16F7-4668-BE54-9A1E7A4F7556}") = "Kantor.Infrastructure", "Kantor.Infrastructure\Kantor.Infrastructure.csproj", "{C12C1A7F-171E-4127-AB1D-CD65879B75D0}"
EndProject
Project("{9A19103F-16F7-4668-BE54-9A1E7A4F7556}") = "Kantor.Shared", "Kantor.Shared\Kantor.Shared.csproj", "{1075960E-BE06-4C6A-80C6-D66CF5A05FB8}"
EndProject
Project("{9A19103F-16F7-4668-BE54-9A1E7A4F7556}") = "Kantor.Core", "Kantor.Core\Kantor.Core.csproj", "{A36898A5-FC8B-4E31-B3B7-BB996AAFC108}"
EndProject
Global
	GlobalSection(SolutionConfigurationPlatforms) = preSolution
		Debug|Any CPU = Debug|Any CPU
		Release|Any CPU = Release|Any CPU
	EndGlobalSection
	GlobalSection(ProjectConfigurationPlatforms) = postSolution
		{3FF8C43A-2EAB-4862-974B-81FB70DE960C}.Debug|Any CPU.ActiveCfg = Debug|Any CPU
		{3FF8C43A-2EAB-4862-974B-81FB70DE960C}.Debug|Any CPU.Build.0 = Debug|Any CPU
		{3FF8C43A-2EAB-4862-974B-81FB70DE960C}.Release|Any CPU.ActiveCfg = Release|Any CPU
		{3FF8C43A-2EAB-4862-974B-81FB70DE960C}.Release|Any CPU.Build.0 = Release|Any CPU
		{C12C1A7F-171E-4127-AB1D-CD65879B75D0}.Debug|Any CPU.ActiveCfg = Debug|Any CPU
		{C12C1A7F-171E-4127-AB1D-CD65879B75D0}.Debug|Any CPU.Build.0 = Debug|Any CPU
		{C12C1A7F-171E-4127-AB1D-CD65879B75D0}.Release|Any CPU.ActiveCfg = Release|Any CPU
		{C12C1A7F-171E-4127-AB1D-CD65879B75D0}.Release|Any CPU.Build.0 = Release|Any CPU
		{1075960E-BE06-4C6A-80C6-D66CF5A05FB8}.Debug|Any CPU.ActiveCfg = Debug|Any CPU
		{1075960E-BE06-4C6A-80C6-D66CF5A05FB8}.Debug|Any CPU.Build.0 = Debug|Any CPU
		{1075960E-BE06-4C6A-80C6-D66CF5A05FB8}.Release|Any CPU.ActiveCfg = Release|Any CPU
		{1075960E-BE06-4C6A-80C6-D66CF5A05FB8}.Release|Any CPU.Build.0 = Release|Any CPU
		{A36898A5-FC8B-4E31-B3B7-BB996AAFC108}.Debug|Any CPU.ActiveCfg = Debug|Any CPU
		{A36898A5-FC8B-4E31-B3B7-BB996AAFC108}.Debug|Any CPU.Build.0 = Debug|Any CPU
		{A36898A5-FC8B-4E31-B3B7-BB996AAFC108}.Release|Any CPU.ActiveCfg = Release|Any CPU
		{A36898A5-FC8B-4E31-B3B7-BB996AAFC108}.Release|Any CPU.Build.0 = Release|Any CPU
	EndGlobalSection
	GlobalSection(SolutionProperties) = preSolution
		HideSolutionNode = FALSE
	EndGlobalSection
	GlobalSection(ExtensibilityGlobals) = postSolution
		SolutionGuid = {E314D829-4B9A-4289-AC73-AAAB196469E6}
	EndGlobalSection
EndGlobal
